# THIS IS AN AUTOGENERATED FILE. DO NOT EDIT THIS FILE DIRECTLY.
# yarn lockfile v1


axios@^0.16.0:
  version "0.16.0"
  resolved "https://registry.yarnpkg.com/axios/-/axios-0.16.0.tgz#6ed9771d815f429e7510f2838262957c4953d3b6"
  dependencies:
    follow-redirects "1.0.0"

big-integer@^1.6.19:
  version "1.6.19"
  resolved "https://registry.yarnpkg.com/big-integer/-/big-integer-1.6.19.tgz#4a5e915e3188c8708f254b356196f28542acc1e0"

clone@^1.0.2:
  version "1.0.2"
  resolved "https://registry.yarnpkg.com/clone/-/clone-1.0.2.tgz#260b7a99ebb1edfe247538175f783243cb19d149"

cookie@^0.3.1:
  version "0.3.1"
  resolved "https://registry.yarnpkg.com/cookie/-/cookie-0.3.1.tgz#e7e0a1f9ef43b4c8ba925c5c5a96e806d16873bb"

debug@^2.2.0:
  version "2.6.3"
  resolved "https://registry.yarnpkg.com/debug/-/debug-2.6.3.tgz#0f7eb8c30965ec08c72accfa0130c8b79984141d"
  dependencies:
    ms "0.7.2"

follow-redirects@1.0.0:
  version "1.0.0"
  resolved "https://registry.yarnpkg.com/follow-redirects/-/follow-redirects-1.0.0.tgz#8e34298cbd2e176f254effec75a1c78cc849fd37"
  dependencies:
    debug "^2.2.0"

is_js@^0.8.0:
  version "0.8.0"
  resolved "https://registry.yarnpkg.com/is_js/-/is_js-0.8.0.tgz#9023ac8e1739a396fbf0aa0fefd46264eaf0f9a2"

keycode@^2.1.8:
  version "2.1.8"
  resolved "https://registry.yarnpkg.com/keycode/-/keycode-2.1.8.tgz#94d2b7098215eff0e8f9a8931d5a59076c4532fb"

lrc-kit@^0.2.2:
  version "0.2.2"
  resolved "https://registry.yarnpkg.com/lrc-kit/-/lrc-kit-0.2.2.tgz#2fd045c70d0b38846f693ccff82c1c7595705c23"
  dependencies:
    clone "^1.0.2"
    is_js "^0.8.0"

ms@0.7.2:
  version "0.7.2"
  resolved "https://registry.yarnpkg.com/ms/-/ms-0.7.2.tgz#ae25cf2512b3885a1d95d7f037868d8431124765"

muse-ui@^2.0.1:
  version "2.0.1"
  resolved "https://registry.yarnpkg.com/muse-ui/-/muse-ui-2.0.1.tgz#8b71b5f4f82a42fcf11cb1756a15128b3058cdf4"

vue-router@^2.3.1:
  version "2.3.1"
  resolved "https://registry.yarnpkg.com/vue-router/-/vue-router-2.3.1.tgz#3135448cf57d4ca576906061a5a9d25fae0214d7"

vue@^2.2.6:
  version "2.2.6"
  resolved "https://registry.yarnpkg.com/vue/-/vue-2.2.6.tgz#451714b394dd6d4eae7b773c40c2034a59621aed"

vuex@^2.2.1:
  version "2.2.1"
  resolved "https://registry.yarnpkg.com/vuex/-/vuex-2.2.1.tgz#a42d0ce18cb0e0359258f84bfd76835ed468c185"
