# THIS IS AN AUTOGENERATED FILE. DO NOT EDIT THIS FILE DIRECTLY.
# yarn lockfile v1


axios@^0.16.1:
  version "0.16.1"
  resolved "https://registry.yarnpkg.com/axios/-/axios-0.16.1.tgz#c0b6d26600842384b8f509e57111f0d2df8223ca"
  dependencies:
    follow-redirects "^1.2.3"

big-integer@^1.6.22:
  version "1.6.22"
  resolved "https://registry.yarnpkg.com/big-integer/-/big-integer-1.6.22.tgz#487c95fce886022ea48ff5f19e388932df46dd2e"

clone@^1.0.2:
  version "1.0.2"
  resolved "https://registry.yarnpkg.com/clone/-/clone-1.0.2.tgz#260b7a99ebb1edfe247538175f783243cb19d149"

cookie@^0.3.1:
  version "0.3.1"
  resolved "https://registry.yarnpkg.com/cookie/-/cookie-0.3.1.tgz#e7e0a1f9ef43b4c8ba925c5c5a96e806d16873bb"

debug@^2.4.5:
  version "2.6.6"
  resolved "https://registry.yarnpkg.com/debug/-/debug-2.6.6.tgz#a9fa6fbe9ca43cf1e79f73b75c0189cbb7d6db5a"
  dependencies:
    ms "0.7.3"

follow-redirects@^1.2.3:
  version "1.2.3"
  resolved "https://registry.yarnpkg.com/follow-redirects/-/follow-redirects-1.2.3.tgz#01abaeca85e3609837d9fcda3167a7e42fdaca21"
  dependencies:
    debug "^2.4.5"

is_js@^0.8.0:
  version "0.8.0"
  resolved "https://registry.yarnpkg.com/is_js/-/is_js-0.8.0.tgz#9023ac8e1739a396fbf0aa0fefd46264eaf0f9a2"

keycode@^2.1.9:
  version "2.1.9"
  resolved "https://registry.yarnpkg.com/keycode/-/keycode-2.1.9.tgz#964a23c54e4889405b4861a5c9f0480d45141dfa"

lodash.tolower@^4.1.2:
  version "4.1.2"
  resolved "https://registry.yarnpkg.com/lodash.tolower/-/lodash.tolower-4.1.2.tgz#d6d309ac43eef8d44e8ded66b73dab0beb0806d7"

lrc-kit@^0.2.2:
  version "0.2.2"
  resolved "https://registry.yarnpkg.com/lrc-kit/-/lrc-kit-0.2.2.tgz#2fd045c70d0b38846f693ccff82c1c7595705c23"
  dependencies:
    clone "^1.0.2"
    is_js "^0.8.0"

ms@0.7.3:
  version "0.7.3"
  resolved "https://registry.yarnpkg.com/ms/-/ms-0.7.3.tgz#708155a5e44e33f5fd0fc53e81d0d40a91be1fff"

muse-ui@^2.0.3:
  version "2.0.3"
  resolved "https://registry.yarnpkg.com/muse-ui/-/muse-ui-2.0.3.tgz#d5b8f1d0241bdb7220478e519804aa85ef722934"
  dependencies:
    keycode "^2.1.9"
    lodash.tolower "^4.1.2"

vue-router@^2.5.3:
  version "2.5.3"
  resolved "https://registry.yarnpkg.com/vue-router/-/vue-router-2.5.3.tgz#073783f564b6aece6c8a59c63e298dc2aabfb51b"

vue@^2.3.3:
  version "2.3.3"
  resolved "https://registry.yarnpkg.com/vue/-/vue-2.3.3.tgz#d1eaa8fde5240735a4563e74f2c7fead9cbb064c"

vuex@^2.3.1:
  version "2.3.1"
  resolved "https://registry.yarnpkg.com/vuex/-/vuex-2.3.1.tgz#cde8e997c1f9957719bc7dea154f9aa691d981a6"
